{
  "name": "PORTFOLIO",
  "lockfileVersion": 3,
  "requires": true,
  "packages": {
    "": {
      "dependencies": {
        "TagCloud": "^2.4.0"
      }
    },
    "node_modules/TagCloud": {
      "version": "2.4.0",
      "resolved": "https://registry.npmjs.org/TagCloud/-/TagCloud-2.4.0.tgz",
      "integrity": "sha512-6pgpqa+0WibWNxoNR+uggf7KziPFtgdkz0AQwMkvwgetTTwSV3JUuhbOselsXO9HEYzZ7oD9d92hQ2ksuz2Zfg=="
    }
  }
}
